[[package]]
name = "aoc"
version = "0.1.0"
dependencies = [
 "nom 3.2.1 (registry+https://github.com/rust-lang/crates.io-index)",
 "petgraph 0.4.13 (registry+https://github.com/rust-lang/crates.io-index)",
 "roots 0.0.2 (registry+https://github.com/rust-lang/crates.io-index)",
]

[[package]]
name = "fixedbitset"
version = "0.1.9"
source = "registry+https://github.com/rust-lang/crates.io-index"

[[package]]
name = "libc"
version = "0.2.44"
source = "registry+https://github.com/rust-lang/crates.io-index"

[[package]]
name = "memchr"
version = "1.0.2"
source = "registry+https://github.com/rust-lang/crates.io-index"
dependencies = [
 "libc 0.2.44 (registry+https://github.com/rust-lang/crates.io-index)",
]

[[package]]
name = "nom"
version = "3.2.1"
source = "registry+https://github.com/rust-lang/crates.io-index"
dependencies = [
 "memchr 1.0.2 (registry+https://github.com/rust-lang/crates.io-index)",
]

[[package]]
name = "ordermap"
version = "0.3.5"
source = "registry+https://github.com/rust-lang/crates.io-index"

[[package]]
name = "petgraph"
version = "0.4.13"
source = "registry+https://github.com/rust-lang/crates.io-index"
dependencies = [
 "fixedbitset 0.1.9 (registry+https://github.com/rust-lang/crates.io-index)",
 "ordermap 0.3.5 (registry+https://github.com/rust-lang/crates.io-index)",
]

[[package]]
name = "roots"
version = "0.0.2"
source = "registry+https://github.com/rust-lang/crates.io-index"

[metadata]
"checksum fixedbitset 0.1.9 (registry+https://github.com/rust-lang/crates.io-index)" = "86d4de0081402f5e88cdac65c8dcdcc73118c1a7a465e2a05f0da05843a8ea33"
"checksum libc 0.2.44 (registry+https://github.com/rust-lang/crates.io-index)" = "10923947f84a519a45c8fefb7dd1b3e8c08747993381adee176d7a82b4195311"
"checksum memchr 1.0.2 (registry+https://github.com/rust-lang/crates.io-index)" = "148fab2e51b4f1cfc66da2a7c32981d1d3c083a803978268bb11fe4b86925e7a"
"checksum nom 3.2.1 (registry+https://github.com/rust-lang/crates.io-index)" = "05aec50c70fd288702bcd93284a8444607f3292dbdf2a30de5ea5dcdbe72287b"
"checksum ordermap 0.3.5 (registry+https://github.com/rust-lang/crates.io-index)" = "a86ed3f5f244b372d6b1a00b72ef7f8876d0bc6a78a4c9985c53614041512063"
"checksum petgraph 0.4.13 (registry+https://github.com/rust-lang/crates.io-index)" = "9c3659d1ee90221741f65dd128d9998311b0e40c5d3c23a62445938214abce4f"
"checksum roots 0.0.2 (registry+https://github.com/rust-lang/crates.io-index)" = "d9ea38137584abc7340161085144d5ee6bb7b6b87abf1c3ddde6d577104e0c62"
